{
  "version": "4",
  "specifiers": {
    "jsr:@cm-iv/queue@1.0.0": "1.0.0",
    "jsr:@jotsr/delayed@2.1.1": "2.1.1",
    "jsr:@ledger/ledger@0.0.10": "0.0.10",
    "jsr:@ledger/ledger@0.0.9": "0.0.9",
    "jsr:@std/datetime@0.225.2": "0.225.2",
    "jsr:@std/fmt@1.0.3": "1.0.3",
    "npm:string.ify@1.0.64": "1.0.64"
  },
  "jsr": {
    "@cm-iv/queue@1.0.0": {
      "integrity": "0dc1da37987077e765240a73f7164196fca065ce585fcb542f8db50831078f0a"
    },
    "@jotsr/delayed@2.1.1": {
      "integrity": "b636cc1ae8a2843412738f40c1cf5f117d909bf6986dbce7af945afd363b65b7"
    },
    "@ledger/ledger@0.0.9": {
      "integrity": "e3beb2f033c196a6ef57434d9273adcff01da6f40dab4b895c9983305f839d44",
      "dependencies": [
        "jsr:@cm-iv/queue",
        "jsr:@jotsr/delayed"
      ]
    },
    "@ledger/ledger@0.0.10": {
      "integrity": "6f27494691e48eb1e7969a238aa7f8d330a559c2fe67db3d4a5f07ce24a61327",
      "dependencies": [
        "jsr:@cm-iv/queue",
        "jsr:@jotsr/delayed"
      ]
    },
    "@std/datetime@0.225.2": {
      "integrity": "45f0100554a912cd65f48089ef0a33aa1eb6ea21f08090840b539ab582827eaa"
    },
    "@std/fmt@1.0.3": {
      "integrity": "97765c16aa32245ff4e2204ecf7d8562496a3cb8592340a80e7e554e0bb9149f"
    }
  },
  "npm": {
    "printable-characters@1.0.42": {
      "integrity": "sha512-dKp+C4iXWK4vVYZmYSd0KBH5F/h1HoZRsbJ82AVKRO3PEo8L4lBS/vLwhVtpwwuYcoIsVY+1JYKR268yn480uQ=="
    },
    "string.bullet@1.0.12": {
      "integrity": "sha512-6+tQyad/ux52N+7wUcjmxeK5TfdeykBBLHQPk8MxUVrk9JwHzJnuxsJzjjpWAuz0x3EmnVGCg0ibMHqez1l/qQ==",
      "dependencies": [
        "printable-characters"
      ]
    },
    "string.ify@1.0.64": {
      "integrity": "sha512-4Aa5yndnuOhE1GV2W3ht4rQ08XHq46JLXmSOv0jeUWEzqliBvm8lAXvt+66np+J9DkoCZikFzTzjXVLRR0F/Xw==",
      "dependencies": [
        "printable-characters",
        "string.bullet"
      ]
    }
  }
}
